
Microsoft Visual Studio Solution File, Format Version 12.00
# Visual Studio 15
VisualStudioVersion = 15.0.27428.1
MinimumVisualStudioVersion = 10.0.40219.1
Project("{FAE04EC0-301F-11D3-BF4B-00C04F79EFBC}") = "KpnXam101.Android", "KpnXam101\KpnXam101.Android\KpnXam101.Android.csproj", "{57EF677F-4BDB-49BD-8767-1F6E683673A7}"
EndProject
Project("{FAE04EC0-301F-11D3-BF4B-00C04F79EFBC}") = "KpnXam101.iOS", "KpnXam101\KpnXam101.iOS\KpnXam101.iOS.csproj", "{B28A2A38-9C57-4B5D-8376-AFD06042C8AD}"
EndProject
Project("{FAE04EC0-301F-11D3-BF4B-00C04F79EFBC}") = "KpnXam101.UWP", "KpnXam101\KpnXam101.UWP\KpnXam101.UWP.csproj", "{FBA35756-5C2A-465C-9DFA-AB2E185093BA}"
EndProject
Project("{FAE04EC0-301F-11D3-BF4B-00C04F79EFBC}") = "KpnXam101", "KpnXam101\KpnXam101\KpnXam101.csproj", "{7AC9D24F-9645-46AE-8324-6D34A9E5CA40}"
EndProject
Global
	GlobalSection(SolutionConfigurationPlatforms) = preSolution
		Ad-Hoc|Any CPU = Ad-Hoc|Any CPU
		Ad-Hoc|ARM = Ad-Hoc|ARM
		Ad-Hoc|iPhone = Ad-Hoc|iPhone
		Ad-Hoc|iPhoneSimulator = Ad-Hoc|iPhoneSimulator
		Ad-Hoc|x64 = Ad-Hoc|x64
		Ad-Hoc|x86 = Ad-Hoc|x86
		AppStore|Any CPU = AppStore|Any CPU
		AppStore|ARM = AppStore|ARM
		AppStore|iPhone = AppStore|iPhone
		AppStore|iPhoneSimulator = AppStore|iPhoneSimulator
		AppStore|x64 = AppStore|x64
		AppStore|x86 = AppStore|x86
		Debug|Any CPU = Debug|Any CPU
		Debug|ARM = Debug|ARM
		Debug|iPhone = Debug|iPhone
		Debug|iPhoneSimulator = Debug|iPhoneSimulator
		Debug|x64 = Debug|x64
		Debug|x86 = Debug|x86
		Release|Any CPU = Release|Any CPU
		Release|ARM = Release|ARM
		Release|iPhone = Release|iPhone
		Release|iPhoneSimulator = Release|iPhoneSimulator
		Release|x64 = Release|x64
		Release|x86 = Release|x86
	EndGlobalSection
	GlobalSection(ProjectConfigurationPlatforms) = postSolution
		{57EF677F-4BDB-49BD-8767-1F6E683673A7}.Ad-Hoc|Any CPU.ActiveCfg = Release|Any CPU
		{57EF677F-4BDB-49BD-8767-1F6E683673A7}.Ad-Hoc|Any CPU.Build.0 = Release|Any CPU
		{57EF677F-4BDB-49BD-8767-1F6E683673A7}.Ad-Hoc|Any CPU.Deploy.0 = Release|Any CPU
		{57EF677F-4BDB-49BD-8767-1F6E683673A7}.Ad-Hoc|ARM.ActiveCfg = Release|Any CPU
		{57EF677F-4BDB-49BD-8767-1F6E683673A7}.Ad-Hoc|ARM.Build.0 = Release|Any CPU
		{57EF677F-4BDB-49BD-8767-1F6E683673A7}.Ad-Hoc|ARM.Deploy.0 = Release|Any CPU
		{57EF677F-4BDB-49BD-8767-1F6E683673A7}.Ad-Hoc|iPhone.ActiveCfg = Release|Any CPU
		{57EF677F-4BDB-49BD-8767-1F6E683673A7}.Ad-Hoc|iPhone.Build.0 = Release|Any CPU
		{57EF677F-4BDB-49BD-8767-1F6E683673A7}.Ad-Hoc|iPhone.Deploy.0 = Release|Any CPU
		{57EF677F-4BDB-49BD-8767-1F6E683673A7}.Ad-Hoc|iPhoneSimulator.ActiveCfg = Release|Any CPU
		{57EF677F-4BDB-49BD-8767-1F6E683673A7}.Ad-Hoc|iPhoneSimulator.Build.0 = Release|Any CPU
		{57EF677F-4BDB-49BD-8767-1F6E683673A7}.Ad-Hoc|iPhoneSimulator.Deploy.0 = Release|Any CPU
		{57EF677F-4BDB-49BD-8767-1F6E683673A7}.Ad-Hoc|x64.ActiveCfg = Release|Any CPU
		{57EF677F-4BDB-49BD-8767-1F6E683673A7}.Ad-Hoc|x64.Build.0 = Release|Any CPU
		{57EF677F-4BDB-49BD-8767-1F6E683673A7}.Ad-Hoc|x64.Deploy.0 = Release|Any CPU
		{57EF677F-4BDB-49BD-8767-1F6E683673A7}.Ad-Hoc|x86.ActiveCfg = Release|Any CPU
		{57EF677F-4BDB-49BD-8767-1F6E683673A7}.Ad-Hoc|x86.Build.0 = Release|Any CPU
		{57EF677F-4BDB-49BD-8767-1F6E683673A7}.Ad-Hoc|x86.Deploy.0 = Release|Any CPU
		{57EF677F-4BDB-49BD-8767-1F6E683673A7}.AppStore|Any CPU.ActiveCfg = Release|Any CPU
		{57EF677F-4BDB-49BD-8767-1F6E683673A7}.AppStore|Any CPU.Build.0 = Release|Any CPU
		{57EF677F-4BDB-49BD-8767-1F6E683673A7}.AppStore|Any CPU.Deploy.0 = Release|Any CPU
		{57EF677F-4BDB-49BD-8767-1F6E683673A7}.AppStore|ARM.ActiveCfg = Release|Any CPU
		{57EF677F-4BDB-49BD-8767-1F6E683673A7}.AppStore|ARM.Build.0 = Release|Any CPU
		{57EF677F-4BDB-49BD-8767-1F6E683673A7}.AppStore|ARM.Deploy.0 = Release|Any CPU
		{57EF677F-4BDB-49BD-8767-1F6E683673A7}.AppStore|iPhone.ActiveCfg = Release|Any CPU
		{57EF677F-4BDB-49BD-8767-1F6E683673A7}.AppStore|iPhone.Build.0 = Release|Any CPU
		{57EF677F-4BDB-49BD-8767-1F6E683673A7}.AppStore|iPhone.Deploy.0 = Release|Any CPU
		{57EF677F-4BDB-49BD-8767-1F6E683673A7}.AppStore|iPhoneSimulator.ActiveCfg = Release|Any CPU
		{57EF677F-4BDB-49BD-8767-1F6E683673A7}.AppStore|iPhoneSimulator.Build.0 = Release|Any CPU
		{57EF677F-4BDB-49BD-8767-1F6E683673A7}.AppStore|iPhoneSimulator.Deploy.0 = Release|Any CPU
		{57EF677F-4BDB-49BD-8767-1F6E683673A7}.AppStore|x64.ActiveCfg = Release|Any CPU
		{57EF677F-4BDB-49BD-8767-1F6E683673A7}.AppStore|x64.Build.0 = Release|Any CPU
		{57EF677F-4BDB-49BD-8767-1F6E683673A7}.AppStore|x64.Deploy.0 = Release|Any CPU
		{57EF677F-4BDB-49BD-8767-1F6E683673A7}.AppStore|x86.ActiveCfg = Release|Any CPU
		{57EF677F-4BDB-49BD-8767-1F6E683673A7}.AppStore|x86.Build.0 = Release|Any CPU
		{57EF677F-4BDB-49BD-8767-1F6E683673A7}.AppStore|x86.Deploy.0 = Release|Any CPU
		{57EF677F-4BDB-49BD-8767-1F6E683673A7}.Debug|Any CPU.ActiveCfg = Debug|Any CPU
		{57EF677F-4BDB-49BD-8767-1F6E683673A7}.Debug|Any CPU.Build.0 = Debug|Any CPU
		{57EF677F-4BDB-49BD-8767-1F6E683673A7}.Debug|Any CPU.Deploy.0 = Debug|Any CPU
		{57EF677F-4BDB-49BD-8767-1F6E683673A7}.Debug|ARM.ActiveCfg = Debug|Any CPU
		{57EF677F-4BDB-49BD-8767-1F6E683673A7}.Debug|ARM.Build.0 = Debug|Any CPU
		{57EF677F-4BDB-49BD-8767-1F6E683673A7}.Debug|ARM.Deploy.0 = Debug|Any CPU
		{57EF677F-4BDB-49BD-8767-1F6E683673A7}.Debug|iPhone.ActiveCfg = Debug|Any CPU
		{57EF677F-4BDB-49BD-8767-1F6E683673A7}.Debug|iPhone.Build.0 = Debug|Any CPU
		{57EF677F-4BDB-49BD-8767-1F6E683673A7}.Debug|iPhone.Deploy.0 = Debug|Any CPU
		{57EF677F-4BDB-49BD-8767-1F6E683673A7}.Debug|iPhoneSimulator.ActiveCfg = Debug|Any CPU
		{57EF677F-4BDB-49BD-8767-1F6E683673A7}.Debug|iPhoneSimulator.Build.0 = Debug|Any CPU
		{57EF677F-4BDB-49BD-8767-1F6E683673A7}.Debug|iPhoneSimulator.Deploy.0 = Debug|Any CPU
		{57EF677F-4BDB-49BD-8767-1F6E683673A7}.Debug|x64.ActiveCfg = Debug|Any CPU
		{57EF677F-4BDB-49BD-8767-1F6E683673A7}.Debug|x64.Build.0 = Debug|Any CPU
		{57EF677F-4BDB-49BD-8767-1F6E683673A7}.Debug|x64.Deploy.0 = Debug|Any CPU
		{57EF677F-4BDB-49BD-8767-1F6E683673A7}.Debug|x86.ActiveCfg = Debug|Any CPU
		{57EF677F-4BDB-49BD-8767-1F6E683673A7}.Debug|x86.Build.0 = Debug|Any CPU
		{57EF677F-4BDB-49BD-8767-1F6E683673A7}.Debug|x86.Deploy.0 = Debug|Any CPU
		{57EF677F-4BDB-49BD-8767-1F6E683673A7}.Release|Any CPU.ActiveCfg = Release|Any CPU
		{57EF677F-4BDB-49BD-8767-1F6E683673A7}.Release|Any CPU.Build.0 = Release|Any CPU
		{57EF677F-4BDB-49BD-8767-1F6E683673A7}.Release|Any CPU.Deploy.0 = Release|Any CPU
		{57EF677F-4BDB-49BD-8767-1F6E683673A7}.Release|ARM.ActiveCfg = Release|Any CPU
		{57EF677F-4BDB-49BD-8767-1F6E683673A7}.Release|ARM.Build.0 = Release|Any CPU
		{57EF677F-4BDB-49BD-8767-1F6E683673A7}.Release|ARM.Deploy.0 = Release|Any CPU
		{57EF677F-4BDB-49BD-8767-1F6E683673A7}.Release|iPhone.ActiveCfg = Release|Any CPU
		{57EF677F-4BDB-49BD-8767-1F6E683673A7}.Release|iPhone.Build.0 = Release|Any CPU
		{57EF677F-4BDB-49BD-8767-1F6E683673A7}.Release|iPhone.Deploy.0 = Release|Any CPU
		{57EF677F-4BDB-49BD-8767-1F6E683673A7}.Release|iPhoneSimulator.ActiveCfg = Release|Any CPU
		{57EF677F-4BDB-49BD-8767-1F6E683673A7}.Release|iPhoneSimulator.Build.0 = Release|Any CPU
		{57EF677F-4BDB-49BD-8767-1F6E683673A7}.Release|iPhoneSimulator.Deploy.0 = Release|Any CPU
		{57EF677F-4BDB-49BD-8767-1F6E683673A7}.Release|x64.ActiveCfg = Release|Any CPU
		{57EF677F-4BDB-49BD-8767-1F6E683673A7}.Release|x64.Build.0 = Release|Any CPU
		{57EF677F-4BDB-49BD-8767-1F6E683673A7}.Release|x64.Deploy.0 = Release|Any CPU
		{57EF677F-4BDB-49BD-8767-1F6E683673A7}.Release|x86.ActiveCfg = Release|Any CPU
		{57EF677F-4BDB-49BD-8767-1F6E683673A7}.Release|x86.Build.0 = Release|Any CPU
		{57EF677F-4BDB-49BD-8767-1F6E683673A7}.Release|x86.Deploy.0 = Release|Any CPU
		{B28A2A38-9C57-4B5D-8376-AFD06042C8AD}.Ad-Hoc|Any CPU.ActiveCfg = Ad-Hoc|iPhone
		{B28A2A38-9C57-4B5D-8376-AFD06042C8AD}.Ad-Hoc|ARM.ActiveCfg = Ad-Hoc|iPhone
		{B28A2A38-9C57-4B5D-8376-AFD06042C8AD}.Ad-Hoc|iPhone.ActiveCfg = Ad-Hoc|iPhone
		{B28A2A38-9C57-4B5D-8376-AFD06042C8AD}.Ad-Hoc|iPhone.Build.0 = Ad-Hoc|iPhone
		{B28A2A38-9C57-4B5D-8376-AFD06042C8AD}.Ad-Hoc|iPhoneSimulator.ActiveCfg = Ad-Hoc|iPhoneSimulator
		{B28A2A38-9C57-4B5D-8376-AFD06042C8AD}.Ad-Hoc|iPhoneSimulator.Build.0 = Ad-Hoc|iPhoneSimulator
		{B28A2A38-9C57-4B5D-8376-AFD06042C8AD}.Ad-Hoc|x64.ActiveCfg = Ad-Hoc|iPhone
		{B28A2A38-9C57-4B5D-8376-AFD06042C8AD}.Ad-Hoc|x86.ActiveCfg = Ad-Hoc|iPhone
		{B28A2A38-9C57-4B5D-8376-AFD06042C8AD}.AppStore|Any CPU.ActiveCfg = AppStore|iPhone
		{B28A2A38-9C57-4B5D-8376-AFD06042C8AD}.AppStore|ARM.ActiveCfg = AppStore|iPhone
		{B28A2A38-9C57-4B5D-8376-AFD06042C8AD}.AppStore|iPhone.ActiveCfg = AppStore|iPhone
		{B28A2A38-9C57-4B5D-8376-AFD06042C8AD}.AppStore|iPhone.Build.0 = AppStore|iPhone
		{B28A2A38-9C57-4B5D-8376-AFD06042C8AD}.AppStore|iPhoneSimulator.ActiveCfg = AppStore|iPhoneSimulator
		{B28A2A38-9C57-4B5D-8376-AFD06042C8AD}.AppStore|iPhoneSimulator.Build.0 = AppStore|iPhoneSimulator
		{B28A2A38-9C57-4B5D-8376-AFD06042C8AD}.AppStore|x64.ActiveCfg = AppStore|iPhone
		{B28A2A38-9C57-4B5D-8376-AFD06042C8AD}.AppStore|x86.ActiveCfg = AppStore|iPhone
		{B28A2A38-9C57-4B5D-8376-AFD06042C8AD}.Debug|Any CPU.ActiveCfg = Debug|iPhone
		{B28A2A38-9C57-4B5D-8376-AFD06042C8AD}.Debug|ARM.ActiveCfg = Debug|iPhone
		{B28A2A38-9C57-4B5D-8376-AFD06042C8AD}.Debug|iPhone.ActiveCfg = Debug|iPhone
		{B28A2A38-9C57-4B5D-8376-AFD06042C8AD}.Debug|iPhone.Build.0 = Debug|iPhone
		{B28A2A38-9C57-4B5D-8376-AFD06042C8AD}.Debug|iPhoneSimulator.ActiveCfg = Debug|iPhoneSimulator
		{B28A2A38-9C57-4B5D-8376-AFD06042C8AD}.Debug|iPhoneSimulator.Build.0 = Debug|iPhoneSimulator
		{B28A2A38-9C57-4B5D-8376-AFD06042C8AD}.Debug|x64.ActiveCfg = Debug|iPhone
		{B28A2A38-9C57-4B5D-8376-AFD06042C8AD}.Debug|x86.ActiveCfg = Debug|iPhone
		{B28A2A38-9C57-4B5D-8376-AFD06042C8AD}.Release|Any CPU.ActiveCfg = Release|iPhone
		{B28A2A38-9C57-4B5D-8376-AFD06042C8AD}.Release|ARM.ActiveCfg = Release|iPhone
		{B28A2A38-9C57-4B5D-8376-AFD06042C8AD}.Release|iPhone.ActiveCfg = Release|iPhone
		{B28A2A38-9C57-4B5D-8376-AFD06042C8AD}.Release|iPhone.Build.0 = Release|iPhone
		{B28A2A38-9C57-4B5D-8376-AFD06042C8AD}.Release|iPhoneSimulator.ActiveCfg = Release|iPhoneSimulator
		{B28A2A38-9C57-4B5D-8376-AFD06042C8AD}.Release|iPhoneSimulator.Build.0 = Release|iPhoneSimulator
		{B28A2A38-9C57-4B5D-8376-AFD06042C8AD}.Release|x64.ActiveCfg = Release|iPhone
		{B28A2A38-9C57-4B5D-8376-AFD06042C8AD}.Release|x86.ActiveCfg = Release|iPhone
		{FBA35756-5C2A-465C-9DFA-AB2E185093BA}.Ad-Hoc|Any CPU.ActiveCfg = Release|x86
		{FBA35756-5C2A-465C-9DFA-AB2E185093BA}.Ad-Hoc|Any CPU.Build.0 = Release|x86
		{FBA35756-5C2A-465C-9DFA-AB2E185093BA}.Ad-Hoc|Any CPU.Deploy.0 = Release|x86
		{FBA35756-5C2A-465C-9DFA-AB2E185093BA}.Ad-Hoc|ARM.ActiveCfg = Release|ARM
		{FBA35756-5C2A-465C-9DFA-AB2E185093BA}.Ad-Hoc|ARM.Build.0 = Release|ARM
		{FBA35756-5C2A-465C-9DFA-AB2E185093BA}.Ad-Hoc|ARM.Deploy.0 = Release|ARM
		{FBA35756-5C2A-465C-9DFA-AB2E185093BA}.Ad-Hoc|iPhone.ActiveCfg = Release|x86
		{FBA35756-5C2A-465C-9DFA-AB2E185093BA}.Ad-Hoc|iPhone.Build.0 = Release|x86
		{FBA35756-5C2A-465C-9DFA-AB2E185093BA}.Ad-Hoc|iPhone.Deploy.0 = Release|x86
		{FBA35756-5C2A-465C-9DFA-AB2E185093BA}.Ad-Hoc|iPhoneSimulator.ActiveCfg = Release|x86
		{FBA35756-5C2A-465C-9DFA-AB2E185093BA}.Ad-Hoc|iPhoneSimulator.Build.0 = Release|x86
		{FBA35756-5C2A-465C-9DFA-AB2E185093BA}.Ad-Hoc|iPhoneSimulator.Deploy.0 = Release|x86
		{FBA35756-5C2A-465C-9DFA-AB2E185093BA}.Ad-Hoc|x64.ActiveCfg = Release|x64
		{FBA35756-5C2A-465C-9DFA-AB2E185093BA}.Ad-Hoc|x64.Build.0 = Release|x64
		{FBA35756-5C2A-465C-9DFA-AB2E185093BA}.Ad-Hoc|x64.Deploy.0 = Release|x64
		{FBA35756-5C2A-465C-9DFA-AB2E185093BA}.Ad-Hoc|x86.ActiveCfg = Release|x86
		{FBA35756-5C2A-465C-9DFA-AB2E185093BA}.Ad-Hoc|x86.Build.0 = Release|x86
		{FBA35756-5C2A-465C-9DFA-AB2E185093BA}.Ad-Hoc|x86.Deploy.0 = Release|x86
		{FBA35756-5C2A-465C-9DFA-AB2E185093BA}.AppStore|Any CPU.ActiveCfg = Release|x86
		{FBA35756-5C2A-465C-9DFA-AB2E185093BA}.AppStore|Any CPU.Build.0 = Release|x86
		{FBA35756-5C2A-465C-9DFA-AB2E185093BA}.AppStore|Any CPU.Deploy.0 = Release|x86
		{FBA35756-5C2A-465C-9DFA-AB2E185093BA}.AppStore|ARM.ActiveCfg = Release|ARM
		{FBA35756-5C2A-465C-9DFA-AB2E185093BA}.AppStore|ARM.Build.0 = Release|ARM
		{FBA35756-5C2A-465C-9DFA-AB2E185093BA}.AppStore|ARM.Deploy.0 = Release|ARM
		{FBA35756-5C2A-465C-9DFA-AB2E185093BA}.AppStore|iPhone.ActiveCfg = Release|x86
		{FBA35756-5C2A-465C-9DFA-AB2E185093BA}.AppStore|iPhone.Build.0 = Release|x86
		{FBA35756-5C2A-465C-9DFA-AB2E185093BA}.AppStore|iPhone.Deploy.0 = Release|x86
		{FBA35756-5C2A-465C-9DFA-AB2E185093BA}.AppStore|iPhoneSimulator.ActiveCfg = Release|x86
		{FBA35756-5C2A-465C-9DFA-AB2E185093BA}.AppStore|iPhoneSimulator.Build.0 = Release|x86
		{FBA35756-5C2A-465C-9DFA-AB2E185093BA}.AppStore|iPhoneSimulator.Deploy.0 = Release|x86
		{FBA35756-5C2A-465C-9DFA-AB2E185093BA}.AppStore|x64.ActiveCfg = Release|x64
		{FBA35756-5C2A-465C-9DFA-AB2E185093BA}.AppStore|x64.Build.0 = Release|x64
		{FBA35756-5C2A-465C-9DFA-AB2E185093BA}.AppStore|x64.Deploy.0 = Release|x64
		{FBA35756-5C2A-465C-9DFA-AB2E185093BA}.AppStore|x86.ActiveCfg = Release|x86
		{FBA35756-5C2A-465C-9DFA-AB2E185093BA}.AppStore|x86.Build.0 = Release|x86
		{FBA35756-5C2A-465C-9DFA-AB2E185093BA}.AppStore|x86.Deploy.0 = Release|x86
		{FBA35756-5C2A-465C-9DFA-AB2E185093BA}.Debug|Any CPU.ActiveCfg = Debug|x86
		{FBA35756-5C2A-465C-9DFA-AB2E185093BA}.Debug|ARM.ActiveCfg = Debug|ARM
		{FBA35756-5C2A-465C-9DFA-AB2E185093BA}.Debug|ARM.Build.0 = Debug|ARM
		{FBA35756-5C2A-465C-9DFA-AB2E185093BA}.Debug|ARM.Deploy.0 = Debug|ARM
		{FBA35756-5C2A-465C-9DFA-AB2E185093BA}.Debug|iPhone.ActiveCfg = Debug|x86
		{FBA35756-5C2A-465C-9DFA-AB2E185093BA}.Debug|iPhoneSimulator.ActiveCfg = Debug|x86
		{FBA35756-5C2A-465C-9DFA-AB2E185093BA}.Debug|x64.ActiveCfg = Debug|x64
		{FBA35756-5C2A-465C-9DFA-AB2E185093BA}.Debug|x64.Build.0 = Debug|x64
		{FBA35756-5C2A-465C-9DFA-AB2E185093BA}.Debug|x64.Deploy.0 = Debug|x64
		{FBA35756-5C2A-465C-9DFA-AB2E185093BA}.Debug|x86.ActiveCfg = Debug|x86
		{FBA35756-5C2A-465C-9DFA-AB2E185093BA}.Debug|x86.Build.0 = Debug|x86
		{FBA35756-5C2A-465C-9DFA-AB2E185093BA}.Debug|x86.Deploy.0 = Debug|x86
		{FBA35756-5C2A-465C-9DFA-AB2E185093BA}.Release|Any CPU.ActiveCfg = Release|x86
		{FBA35756-5C2A-465C-9DFA-AB2E185093BA}.Release|ARM.ActiveCfg = Release|ARM
		{FBA35756-5C2A-465C-9DFA-AB2E185093BA}.Release|ARM.Build.0 = Release|ARM
		{FBA35756-5C2A-465C-9DFA-AB2E185093BA}.Release|ARM.Deploy.0 = Release|ARM
		{FBA35756-5C2A-465C-9DFA-AB2E185093BA}.Release|iPhone.ActiveCfg = Release|x86
		{FBA35756-5C2A-465C-9DFA-AB2E185093BA}.Release|iPhoneSimulator.ActiveCfg = Release|x86
		{FBA35756-5C2A-465C-9DFA-AB2E185093BA}.Release|x64.ActiveCfg = Release|x64
		{FBA35756-5C2A-465C-9DFA-AB2E185093BA}.Release|x64.Build.0 = Release|x64
		{FBA35756-5C2A-465C-9DFA-AB2E185093BA}.Release|x64.Deploy.0 = Release|x64
		{FBA35756-5C2A-465C-9DFA-AB2E185093BA}.Release|x86.ActiveCfg = Release|x86
		{FBA35756-5C2A-465C-9DFA-AB2E185093BA}.Release|x86.Build.0 = Release|x86
		{FBA35756-5C2A-465C-9DFA-AB2E185093BA}.Release|x86.Deploy.0 = Release|x86
		{7AC9D24F-9645-46AE-8324-6D34A9E5CA40}.Ad-Hoc|Any CPU.ActiveCfg = Debug|Any CPU
		{7AC9D24F-9645-46AE-8324-6D34A9E5CA40}.Ad-Hoc|Any CPU.Build.0 = Debug|Any CPU
		{7AC9D24F-9645-46AE-8324-6D34A9E5CA40}.Ad-Hoc|ARM.ActiveCfg = Debug|Any CPU
		{7AC9D24F-9645-46AE-8324-6D34A9E5CA40}.Ad-Hoc|ARM.Build.0 = Debug|Any CPU
		{7AC9D24F-9645-46AE-8324-6D34A9E5CA40}.Ad-Hoc|iPhone.ActiveCfg = Debug|Any CPU
		{7AC9D24F-9645-46AE-8324-6D34A9E5CA40}.Ad-Hoc|iPhone.Build.0 = Debug|Any CPU
		{7AC9D24F-9645-46AE-8324-6D34A9E5CA40}.Ad-Hoc|iPhoneSimulator.ActiveCfg = Debug|Any CPU
		{7AC9D24F-9645-46AE-8324-6D34A9E5CA40}.Ad-Hoc|iPhoneSimulator.Build.0 = Debug|Any CPU
		{7AC9D24F-9645-46AE-8324-6D34A9E5CA40}.Ad-Hoc|x64.ActiveCfg = Debug|Any CPU
		{7AC9D24F-9645-46AE-8324-6D34A9E5CA40}.Ad-Hoc|x64.Build.0 = Debug|Any CPU
		{7AC9D24F-9645-46AE-8324-6D34A9E5CA40}.Ad-Hoc|x86.ActiveCfg = Debug|Any CPU
		{7AC9D24F-9645-46AE-8324-6D34A9E5CA40}.Ad-Hoc|x86.Build.0 = Debug|Any CPU
		{7AC9D24F-9645-46AE-8324-6D34A9E5CA40}.AppStore|Any CPU.ActiveCfg = Debug|Any CPU
		{7AC9D24F-9645-46AE-8324-6D34A9E5CA40}.AppStore|Any CPU.Build.0 = Debug|Any CPU
		{7AC9D24F-9645-46AE-8324-6D34A9E5CA40}.AppStore|ARM.ActiveCfg = Debug|Any CPU
		{7AC9D24F-9645-46AE-8324-6D34A9E5CA40}.AppStore|ARM.Build.0 = Debug|Any CPU
		{7AC9D24F-9645-46AE-8324-6D34A9E5CA40}.AppStore|iPhone.ActiveCfg = Debug|Any CPU
		{7AC9D24F-9645-46AE-8324-6D34A9E5CA40}.AppStore|iPhone.Build.0 = Debug|Any CPU
		{7AC9D24F-9645-46AE-8324-6D34A9E5CA40}.AppStore|iPhoneSimulator.ActiveCfg = Debug|Any CPU
		{7AC9D24F-9645-46AE-8324-6D34A9E5CA40}.AppStore|iPhoneSimulator.Build.0 = Debug|Any CPU
		{7AC9D24F-9645-46AE-8324-6D34A9E5CA40}.AppStore|x64.ActiveCfg = Debug|Any CPU
		{7AC9D24F-9645-46AE-8324-6D34A9E5CA40}.AppStore|x64.Build.0 = Debug|Any CPU
		{7AC9D24F-9645-46AE-8324-6D34A9E5CA40}.AppStore|x86.ActiveCfg = Debug|Any CPU
		{7AC9D24F-9645-46AE-8324-6D34A9E5CA40}.AppStore|x86.Build.0 = Debug|Any CPU
		{7AC9D24F-9645-46AE-8324-6D34A9E5CA40}.Debug|Any CPU.ActiveCfg = Debug|Any CPU
		{7AC9D24F-9645-46AE-8324-6D34A9E5CA40}.Debug|Any CPU.Build.0 = Debug|Any CPU
		{7AC9D24F-9645-46AE-8324-6D34A9E5CA40}.Debug|ARM.ActiveCfg = Debug|Any CPU
		{7AC9D24F-9645-46AE-8324-6D34A9E5CA40}.Debug|ARM.Build.0 = Debug|Any CPU
		{7AC9D24F-9645-46AE-8324-6D34A9E5CA40}.Debug|iPhone.ActiveCfg = Debug|Any CPU
		{7AC9D24F-9645-46AE-8324-6D34A9E5CA40}.Debug|iPhone.Build.0 = Debug|Any CPU
		{7AC9D24F-9645-46AE-8324-6D34A9E5CA40}.Debug|iPhoneSimulator.ActiveCfg = Debug|Any CPU
		{7AC9D24F-9645-46AE-8324-6D34A9E5CA40}.Debug|iPhoneSimulator.Build.0 = Debug|Any CPU
		{7AC9D24F-9645-46AE-8324-6D34A9E5CA40}.Debug|x64.ActiveCfg = Debug|Any CPU
		{7AC9D24F-9645-46AE-8324-6D34A9E5CA40}.Debug|x64.Build.0 = Debug|Any CPU
		{7AC9D24F-9645-46AE-8324-6D34A9E5CA40}.Debug|x86.ActiveCfg = Debug|Any CPU
		{7AC9D24F-9645-46AE-8324-6D34A9E5CA40}.Debug|x86.Build.0 = Debug|Any CPU
		{7AC9D24F-9645-46AE-8324-6D34A9E5CA40}.Release|Any CPU.ActiveCfg = Release|Any CPU
		{7AC9D24F-9645-46AE-8324-6D34A9E5CA40}.Release|Any CPU.Build.0 = Release|Any CPU
		{7AC9D24F-9645-46AE-8324-6D34A9E5CA40}.Release|ARM.ActiveCfg = Release|Any CPU
		{7AC9D24F-9645-46AE-8324-6D34A9E5CA40}.Release|ARM.Build.0 = Release|Any CPU
		{7AC9D24F-9645-46AE-8324-6D34A9E5CA40}.Release|iPhone.ActiveCfg = Release|Any CPU
		{7AC9D24F-9645-46AE-8324-6D34A9E5CA40}.Release|iPhone.Build.0 = Release|Any CPU
		{7AC9D24F-9645-46AE-8324-6D34A9E5CA40}.Release|iPhoneSimulator.ActiveCfg = Release|Any CPU
		{7AC9D24F-9645-46AE-8324-6D34A9E5CA40}.Release|iPhoneSimulator.Build.0 = Release|Any CPU
		{7AC9D24F-9645-46AE-8324-6D34A9E5CA40}.Release|x64.ActiveCfg = Release|Any CPU
		{7AC9D24F-9645-46AE-8324-6D34A9E5CA40}.Release|x64.Build.0 = Release|Any CPU
		{7AC9D24F-9645-46AE-8324-6D34A9E5CA40}.Release|x86.ActiveCfg = Release|Any CPU
		{7AC9D24F-9645-46AE-8324-6D34A9E5CA40}.Release|x86.Build.0 = Release|Any CPU
	EndGlobalSection
	GlobalSection(SolutionProperties) = preSolution
		HideSolutionNode = FALSE
	EndGlobalSection
	GlobalSection(ExtensibilityGlobals) = postSolution
		SolutionGuid = {A194C9E3-BE71-4951-B22D-28C9B825F83E}
	EndGlobalSection
EndGlobal
